
Microsoft Visual Studio Solution File, Format Version 12.00
# Visual Studio Version 17
VisualStudioVersion = 17.14.36221.1 d17.14
MinimumVisualStudioVersion = 10.0.40219.1
Project("{FAE04EC0-301F-11D3-BF4B-00C04F79EFBC}") = "Servicio_DW_Pagos", "Servicio_DW_Pagos\Servicio_DW_Pagos.csproj", "{CA9DDDDA-3E09-4556-BFB5-2ECAD5D4110C}"
EndProject
Global
	GlobalSection(SolutionConfigurationPlatforms) = preSolution
		Debug|Any CPU = Debug|Any CPU
		Release|Any CPU = Release|Any CPU
	EndGlobalSection
	GlobalSection(ProjectConfigurationPlatforms) = postSolution
		{CA9DDDDA-3E09-4556-BFB5-2ECAD5D4110C}.Debug|Any CPU.ActiveCfg = Debug|Any CPU
		{CA9DDDDA-3E09-4556-BFB5-2ECAD5D4110C}.Debug|Any CPU.Build.0 = Debug|Any CPU
		{CA9DDDDA-3E09-4556-BFB5-2ECAD5D4110C}.Release|Any CPU.ActiveCfg = Release|Any CPU
		{CA9DDDDA-3E09-4556-BFB5-2ECAD5D4110C}.Release|Any CPU.Build.0 = Release|Any CPU
	EndGlobalSection
	GlobalSection(SolutionProperties) = preSolution
		HideSolutionNode = FALSE
	EndGlobalSection
	GlobalSection(ExtensibilityGlobals) = postSolution
		SolutionGuid = {60138E19-EAB1-43DD-B907-00AF34C6F843}
	EndGlobalSection
EndGlobal
